{
  "name": "code-diff-checker",
  "version": "1.0.0",
  "lockfileVersion": 2,
  "requires": true,
  "dependencies": {
    "@radix-ui/react-dialog": {
      "version": "^1.0.5"
    },
    "@radix-ui/react-dropdown-menu": {
      "version": "^2.0.6"
    },
    "@radix-ui/react-label": {
      "version": "^2.0.2"
    },
    "@radix-ui/react-slot": {
      "version": "^1.0.2"
    },
    "@radix-ui/react-tabs": {
      "version": "^1.0.4"
    },
    "@radix-ui/react-toast": {
      "version": "^1.1.5"
    },
    "class-variance-authority": {
      "version": "^0.7.0"
    },
    "clsx": {
      "version": "^2.1.0"
    },
    "lucide-react": {
      "version": "^0.323.0"
    },
    "next": {
      "version": "14.1.0"
    },
    "next-themes": {
      "version": "^0.2.1"
    },
    "react": {
      "version": "^18"
    },
    "react-dom": {
      "version": "^18"
    },
    "tailwind-merge": {
      "version": "^2.2.1"
    },
    "tailwindcss-animate": {
      "version": "^1.0.7"
    }
  }
}
